# This file is automatically @generated by Poetry 1.7.1 and should not be changed by hand.

[[package]]
name = "clarabel"
version = "0.6.0"
description = "Clarabel Conic Interior Point Solver for Rust / Python"
optional = false
python-versions = ">=3.7"
files = [
    {file = "clarabel-0.6.0-cp37-abi3-macosx_10_7_x86_64.whl", hash = "sha256:4f366de79b8bc66bef8dc170987840b672ccab9222e710c09536d78ef47f606d"},
    {file = "clarabel-0.6.0-cp37-abi3-macosx_10_9_x86_64.macosx_11_0_arm64.macosx_10_9_universal2.whl", hash = "sha256:edcebbfc14073cd32bfb664317fd2555716c96be8b2a54efdb2b728453582bea"},
    {file = "clarabel-0.6.0-cp37-abi3-manylinux_2_17_aarch64.manylinux2014_aarch64.whl", hash = "sha256:e737d2818b9ca10e92ccd3fa9ad1a805b039976016415a0c45adef3427d70792"},
    {file = "clarabel-0.6.0-cp37-abi3-manylinux_2_17_x86_64.manylinux2014_x86_64.whl", hash = "sha256:2e0b1891d8e507eb0bfc7e0b981584c388b2ab28658056e600997dbbc23f1ab4"},
    {file = "clarabel-0.6.0-cp37-abi3-manylinux_2_5_i686.manylinux1_i686.whl", hash = "sha256:9946d3b5db346421b6d839d868e7b1151b590f871344fe95113bfd55b5be2433"},
    {file = "clarabel-0.6.0-cp37-abi3-win32.whl", hash = "sha256:73ed408c975a8ea021c3d8262d5d023a18e1ac3f6bb59a37cd69a11dba8f86ed"},
    {file = "clarabel-0.6.0-cp37-abi3-win_amd64.whl", hash = "sha256:5a6be4df9fed98b6f73f034836def913a1ecd52e8b79ca230ddf7cd66ebcdee7"},
    {file = "clarabel-0.6.0.tar.gz", hash = "sha256:ef909a393e72981ca10b1d866d9cc7fb6295ece20ae035def764338894961184"},
]

[package.dependencies]
numpy = "*"
scipy = "*"

[[package]]
name = "cvxpy"
version = "1.4.2"
description = "A domain-specific language for modeling convex optimization problems in Python."
optional = false
python-versions = ">=3.8"
files = [
    {file = "cvxpy-1.4.2-cp310-cp310-macosx_10_9_universal2.whl", hash = "sha256:06231c0b2a65f7c8ba32c2772576c24e93e1ca964444b90c6bad366b9c0a5bdc"},
    {file = "cvxpy-1.4.2-cp310-cp310-macosx_10_9_x86_64.whl", hash = "sha256:f257971b007261d53ec7f50618f0c6a511387dd7df6cd686d2647c3fa91da0eb"},
    {file = "cvxpy-1.4.2-cp310-cp310-manylinux_2_17_aarch64.manylinux2014_aarch64.whl", hash = "sha256:38c2191d4142baac206ac590ba9e5cb1c6e025ac95d0a746692c9cf8d1afd46e"},
    {file = "cvxpy-1.4.2-cp310-cp310-manylinux_2_17_x86_64.manylinux2014_x86_64.whl", hash = "sha256:ba9d006f76925127cd42b80e2d98c950a8339f8204b4c23fa25af83d895e95fa"},
    {file = "cvxpy-1.4.2-cp310-cp310-win_amd64.whl", hash = "sha256:2a09ebd8f7a8b6b5d026d03295daee0780e2f6847fbe6f207e9764045ffbbfc9"},
    {file = "cvxpy-1.4.2-cp311-cp311-macosx_10_9_universal2.whl", hash = "sha256:079fe6aeaeec2ddf6163ff8ca6510afd5c2b66ea391605791a77b51e534b935e"},
    {file = "cvxpy-1.4.2-cp311-cp311-macosx_10_9_x86_64.whl", hash = "sha256:f8419dffcadefc16e6fcbe8a088068c29edb1f28ea90582f075a96f21ae7ff11"},
    {file = "cvxpy-1.4.2-cp311-cp311-manylinux_2_17_aarch64.manylinux2014_aarch64.whl", hash = "sha256:c6551ef3b325d707e98f920dd120ebaa968f3ac3484c21f8567f2081967d26f0"},
    {file = "cvxpy-1.4.2-cp311-cp311-manylinux_2_17_x86_64.manylinux2014_x86_64.whl", hash = "sha256:fea513f4bf83491a1c9e5366faa4ca9fc21ec9522c30bcd55e49de9bb85fe9a2"},
    {file = "cvxpy-1.4.2-cp311-cp311-win_amd64.whl", hash = "sha256:78560a02607d16fbb26db6306e7ce6d8e4fcda49cf04578d199ac050c2e74daa"},
    {file = "cvxpy-1.4.2-cp38-cp38-macosx_10_9_universal2.whl", hash = "sha256:9817cf8da86641e2d322911844e86b8e7b1d93d9b2d57ae6d33e84be430e1e04"},
    {file = "cvxpy-1.4.2-cp38-cp38-macosx_10_9_x86_64.whl", hash = "sha256:32999d550a923c9448d973ef9d3ab75d73e1bdf56102fc32fe7ccb5e0cb5d7a3"},
    {file = "cvxpy-1.4.2-cp38-cp38-manylinux_2_17_aarch64.manylinux2014_aarch64.whl", hash = "sha256:213b465450f4254226e6c18c70e25e911ae2c60176621f1bc2d9a0eb874288db"},
    {file = "cvxpy-1.4.2-cp38-cp38-manylinux_2_17_x86_64.manylinux2014_x86_64.whl", hash = "sha256:ec30efa81d1f79f668b0fa6e8ac654047db7a3e844ab16022e1b5dcf52177192"},
    {file = "cvxpy-1.4.2-cp38-cp38-win_amd64.whl", hash = "sha256:779c19be964f7a586337fd4d017c7a0202bf845e08b04a174850f962b45b2a00"},
    {file = "cvxpy-1.4.2-cp39-cp39-macosx_10_9_universal2.whl", hash = "sha256:bb1d6af8406efa1de0408d0a76c248da3185cade49f45c443239772830b7d6bb"},
    {file = "cvxpy-1.4.2-cp39-cp39-macosx_10_9_x86_64.whl", hash = "sha256:63102885fdfd3eae716c042ee7aad9439d0b71ba22e5432c85f0e35056fcb159"},
    {file = "cvxpy-1.4.2-cp39-cp39-manylinux_2_17_aarch64.manylinux2014_aarch64.whl", hash = "sha256:20015b82117c0253ca803c4e174010067bda0eedb539503ba58b98e00acdd0f2"},
    {file = "cvxpy-1.4.2-cp39-cp39-manylinux_2_17_x86_64.manylinux2014_x86_64.whl", hash = "sha256:d3f73ff4f0e7bff1e438dc2b02490d7a8e1027c421057a7971b4ca4982c28d60"},
    {file = "cvxpy-1.4.2-cp39-cp39-win_amd64.whl", hash = "sha256:b7cfc6be34b288acade31b58a1e88b119487165d0ed877db9decf7fd676502f6"},
    {file = "cvxpy-1.4.2.tar.gz", hash = "sha256:0a386a5788dbd78b7b20dd071524ec636c8fa72b3628e69f1abc714c8f9811e5"},
]

[package.dependencies]
clarabel = ">=0.5.0"
ecos = ">=2"
numpy = ">=1.15"
osqp = ">=0.6.2"
pybind11 = "*"
scipy = ">=1.1.0"
scs = ">=3.0"

[package.extras]
cbc = ["cylp (>=0.91.5)"]
clarabel = ["clarabel"]
cvxopt = ["cvxopt"]
diffcp = ["diffcp"]
glop = ["ortools (>=9.5,<9.8)"]
glpk = ["cvxopt"]
glpk-mi = ["cvxopt"]
gurobi = ["gurobipy"]
highs = ["scipy (>=1.6.1)"]
mosek = ["Mosek"]
pdlp = ["ortools (>=9.5,<9.8)"]
piqp = ["piqp"]
proxqp = ["proxsuite"]
scip = ["PySCIPOpt"]
scipy = ["scipy"]
scs = ["setuptools (>65.5.1)"]
xpress = ["xpress"]

[[package]]
name = "ecos"
version = "2.0.13"
description = "This is the Python package for ECOS: Embedded Cone Solver. See Github page for more information."
optional = false
python-versions = "*"
files = [
    {file = "ecos-2.0.13-cp310-cp310-macosx_10_9_x86_64.whl", hash = "sha256:a1c1acf33b70f8657c25f07ec8d7b59bb01dbad39f072fa61fc956c2166ed979"},
    {file = "ecos-2.0.13-cp310-cp310-manylinux_2_17_x86_64.manylinux2014_x86_64.whl", hash = "sha256:4ea88ee2c94192004d6be9c55a3c79f184eaba3bbf31474229045a1b0a8a1536"},
    {file = "ecos-2.0.13-cp310-cp310-win_amd64.whl", hash = "sha256:df8ae7fce79be9e5f79f0511c51a4824795de5154847fabe1a0288bc2ea349d3"},
    {file = "ecos-2.0.13-cp311-cp311-macosx_10_9_x86_64.whl", hash = "sha256:88dd628bc6e77a069165fa5f50340e2856795c28e00e3fce213a04d7c41c584a"},
    {file = "ecos-2.0.13-cp311-cp311-manylinux_2_17_x86_64.manylinux2014_x86_64.whl", hash = "sha256:78b2c969c7e22fd8a1d1cd0a90f4325d90572da23e2e923b0da6138ce62503d0"},
    {file = "ecos-2.0.13-cp311-cp311-win_amd64.whl", hash = "sha256:936890fb85a186360a5c8f228dd19acb760e234b38c598d0b46ab29644e31dfc"},
    {file = "ecos-2.0.13-cp312-cp312-macosx_10_9_x86_64.whl", hash = "sha256:62ed497ab56017f1d7264eb56223826a984462b1d84fb850d10f0bec3490877d"},
    {file = "ecos-2.0.13-cp312-cp312-manylinux_2_17_x86_64.manylinux2014_x86_64.whl", hash = "sha256:cf2b1384012bee9e58e5a2373905d3644f74a0ea000b307a239366fe7850c29c"},
    {file = "ecos-2.0.13-cp312-cp312-win_amd64.whl", hash = "sha256:2c1ea09069e32185912506f946bb6d1f144841ba1d1cd0217c67f72cbdf7a8fd"},
    {file = "ecos-2.0.13-cp37-cp37m-macosx_10_9_x86_64.whl", hash = "sha256:b9f4a76a3e1165359e1704ec6b1b89d487858ec0d838d62a7268133d88221914"},
    {file = "ecos-2.0.13-cp37-cp37m-manylinux_2_17_x86_64.manylinux2014_x86_64.whl", hash = "sha256:d3c2d4e0d3ada1a619ddd62fbf48ccbe9b738fdbef119945fe2a05566d03b85a"},
    {file = "ecos-2.0.13-cp37-cp37m-win_amd64.whl", hash = "sha256:84c72e1e5ffa41cd38352dcf0a8c25418f5bf04ed76a576db0daaf9a69f5568f"},
    {file = "ecos-2.0.13-cp38-cp38-macosx_10_9_x86_64.whl", hash = "sha256:1979f1f17ec7f1a0fc45964d02d762393f9f427d965fe8a893e7b1476a9023c3"},
    {file = "ecos-2.0.13-cp38-cp38-manylinux_2_17_x86_64.manylinux2014_x86_64.whl", hash = "sha256:059e6c29c89f47a490353e4f9336e96350a5102a97e1d8a2aaff796bcbe50058"},
    {file = "ecos-2.0.13-cp38-cp38-win_amd64.whl", hash = "sha256:30c7d0cce6c830da5b9ea25af0d47b203255639524eb4d03d1331c600958c834"},
    {file = "ecos-2.0.13-cp39-cp39-macosx_10_9_x86_64.whl", hash = "sha256:ba42c15f1d79eb2ada532e9781b4aeb3ed84b1c7e38239ba4d6502c6a092d5b1"},
    {file = "ecos-2.0.13-cp39-cp39-manylinux_2_17_x86_64.manylinux2014_x86_64.whl", hash = "sha256:32fb33185f6dd94a1c798bc481eb86c9f4e832efec91f6ab0584e2fc26fd375e"},
    {file = "ecos-2.0.13-cp39-cp39-win_amd64.whl", hash = "sha256:68995ab12d363576dddb2d1f91ead3b9c8a8ca61f29000f0b1daef1b4e7b5b64"},
    {file = "ecos-2.0.13.tar.gz", hash = "sha256:f2a9dc108ade7faf6f6f4fad245f4714b7293c8767d2a351ead59428a94a98b9"},
]

[package.dependencies]
numpy = ">=1.6"
scipy = ">=0.9"

[[package]]
name = "numpy"
version = "1.26.4"
description = "Fundamental package for array computing in Python"
optional = false
python-versions = ">=3.9"
files = [
    {file = "numpy-1.26.4-cp310-cp310-macosx_10_9_x86_64.whl", hash = "sha256:9ff0f4f29c51e2803569d7a51c2304de5554655a60c5d776e35b4a41413830d0"},
    {file = "numpy-1.26.4-cp310-cp310-macosx_11_0_arm64.whl", hash = "sha256:2e4ee3380d6de9c9ec04745830fd9e2eccb3e6cf790d39d7b98ffd19b0dd754a"},
    {file = "numpy-1.26.4-cp310-cp310-manylinux_2_17_aarch64.manylinux2014_aarch64.whl", hash = "sha256:d209d8969599b27ad20994c8e41936ee0964e6da07478d6c35016bc386b66ad4"},
    {file = "numpy-1.26.4-cp310-cp310-manylinux_2_17_x86_64.manylinux2014_x86_64.whl", hash = "sha256:ffa75af20b44f8dba823498024771d5ac50620e6915abac414251bd971b4529f"},
    {file = "numpy-1.26.4-cp310-cp310-musllinux_1_1_aarch64.whl", hash = "sha256:62b8e4b1e28009ef2846b4c7852046736bab361f7aeadeb6a5b89ebec3c7055a"},
    {file = "numpy-1.26.4-cp310-cp310-musllinux_1_1_x86_64.whl", hash = "sha256:a4abb4f9001ad2858e7ac189089c42178fcce737e4169dc61321660f1a96c7d2"},
    {file = "numpy-1.26.4-cp310-cp310-win32.whl", hash = "sha256:bfe25acf8b437eb2a8b2d49d443800a5f18508cd811fea3181723922a8a82b07"},
    {file = "numpy-1.26.4-cp310-cp310-win_amd64.whl", hash = "sha256:b97fe8060236edf3662adfc2c633f56a08ae30560c56310562cb4f95500022d5"},
    {file = "numpy-1.26.4-cp311-cp311-macosx_10_9_x86_64.whl", hash = "sha256:4c66707fabe114439db9068ee468c26bbdf909cac0fb58686a42a24de1760c71"},
    {file = "numpy-1.26.4-cp311-cp311-macosx_11_0_arm64.whl", hash = "sha256:edd8b5fe47dab091176d21bb6de568acdd906d1887a4584a15a9a96a1dca06ef"},
    {file = "numpy-1.26.4-cp311-cp311-manylinux_2_17_aarch64.manylinux2014_aarch64.whl", hash = "sha256:7ab55401287bfec946ced39700c053796e7cc0e3acbef09993a9ad2adba6ca6e"},
    {file = "numpy-1.26.4-cp311-cp311-manylinux_2_17_x86_64.manylinux2014_x86_64.whl", hash = "sha256:666dbfb6ec68962c033a450943ded891bed2d54e6755e35e5835d63f4f6931d5"},
    {file = "numpy-1.26.4-cp311-cp311-musllinux_1_1_aarch64.whl", hash = "sha256:96ff0b2ad353d8f990b63294c8986f1ec3cb19d749234014f4e7eb0112ceba5a"},
    {file = "numpy-1.26.4-cp311-cp311-musllinux_1_1_x86_64.whl", hash = "sha256:60dedbb91afcbfdc9bc0b1f3f402804070deed7392c23eb7a7f07fa857868e8a"},
    {file = "numpy-1.26.4-cp311-cp311-win32.whl", hash = "sha256:1af303d6b2210eb850fcf03064d364652b7120803a0b872f5211f5234b399f20"},
    {file = "numpy-1.26.4-cp311-cp311-win_amd64.whl", hash = "sha256:cd25bcecc4974d09257ffcd1f098ee778f7834c3ad767fe5db785be9a4aa9cb2"},
    {file = "numpy-1.26.4-cp312-cp312-macosx_10_9_x86_64.whl", hash = "sha256:b3ce300f3644fb06443ee2222c2201dd3a89ea6040541412b8fa189341847218"},
    {file = "numpy-1.26.4-cp312-cp312-macosx_11_0_arm64.whl", hash = "sha256:03a8c78d01d9781b28a6989f6fa1bb2c4f2d51201cf99d3dd875df6fbd96b23b"},
    {file = "numpy-1.26.4-cp312-cp312-manylinux_2_17_aarch64.manylinux2014_aarch64.whl", hash = "sha256:9fad7dcb1aac3c7f0584a5a8133e3a43eeb2fe127f47e3632d43d677c66c102b"},
    {file = "numpy-1.26.4-cp312-cp312-manylinux_2_17_x86_64.manylinux2014_x86_64.whl", hash = "sha256:675d61ffbfa78604709862923189bad94014bef562cc35cf61d3a07bba02a7ed"},
    {file = "numpy-1.26.4-cp312-cp312-musllinux_1_1_aarch64.whl", hash = "sha256:ab47dbe5cc8210f55aa58e4805fe224dac469cde56b9f731a4c098b91917159a"},
    {file = "numpy-1.26.4-cp312-cp312-musllinux_1_1_x86_64.whl", hash = "sha256:1dda2e7b4ec9dd512f84935c5f126c8bd8b9f2fc001e9f54af255e8c5f16b0e0"},
    {file = "numpy-1.26.4-cp312-cp312-win32.whl", hash = "sha256:50193e430acfc1346175fcbdaa28ffec49947a06918b7b92130744e81e640110"},
    {file = "numpy-1.26.4-cp312-cp312-win_amd64.whl", hash = "sha256:08beddf13648eb95f8d867350f6a018a4be2e5ad54c8d8caed89ebca558b2818"},
    {file = "numpy-1.26.4-cp39-cp39-macosx_10_9_x86_64.whl", hash = "sha256:7349ab0fa0c429c82442a27a9673fc802ffdb7c7775fad780226cb234965e53c"},
    {file = "numpy-1.26.4-cp39-cp39-macosx_11_0_arm64.whl", hash = "sha256:52b8b60467cd7dd1e9ed082188b4e6bb35aa5cdd01777621a1658910745b90be"},
    {file = "numpy-1.26.4-cp39-cp39-manylinux_2_17_aarch64.manylinux2014_aarch64.whl", hash = "sha256:d5241e0a80d808d70546c697135da2c613f30e28251ff8307eb72ba696945764"},
    {file = "numpy-1.26.4-cp39-cp39-manylinux_2_17_x86_64.manylinux2014_x86_64.whl", hash = "sha256:f870204a840a60da0b12273ef34f7051e98c3b5961b61b0c2c1be6dfd64fbcd3"},
    {file = "numpy-1.26.4-cp39-cp39-musllinux_1_1_aarch64.whl", hash = "sha256:679b0076f67ecc0138fd2ede3a8fd196dddc2ad3254069bcb9faf9a79b1cebcd"},
    {file = "numpy-1.26.4-cp39-cp39-musllinux_1_1_x86_64.whl", hash = "sha256:47711010ad8555514b434df65f7d7b076bb8261df1ca9bb78f53d3b2db02e95c"},
    {file = "numpy-1.26.4-cp39-cp39-win32.whl", hash = "sha256:a354325ee03388678242a4d7ebcd08b5c727033fcff3b2f536aea978e15ee9e6"},
    {file = "numpy-1.26.4-cp39-cp39-win_amd64.whl", hash = "sha256:3373d5d70a5fe74a2c1bb6d2cfd9609ecf686d47a2d7b1d37a8f3b6bf6003aea"},
    {file = "numpy-1.26.4-pp39-pypy39_pp73-macosx_10_9_x86_64.whl", hash = "sha256:afedb719a9dcfc7eaf2287b839d8198e06dcd4cb5d276a3df279231138e83d30"},
    {file = "numpy-1.26.4-pp39-pypy39_pp73-manylinux_2_17_x86_64.manylinux2014_x86_64.whl", hash = "sha256:95a7476c59002f2f6c590b9b7b998306fba6a5aa646b1e22ddfeaf8f78c3a29c"},
    {file = "numpy-1.26.4-pp39-pypy39_pp73-win_amd64.whl", hash = "sha256:7e50d0a0cc3189f9cb0aeb3a6a6af18c16f59f004b866cd2be1c14b36134a4a0"},
    {file = "numpy-1.26.4.tar.gz", hash = "sha256:2a02aba9ed12e4ac4eb3ea9421c420301a0c6460d9830d74a9df87efa4912010"},
]

[[package]]
name = "osqp"
version = "0.6.4"
description = "OSQP: The Operator Splitting QP Solver"
optional = false
python-versions = "*"
files = [
    {file = "osqp-0.6.4-cp310-cp310-macosx_10_9_x86_64.whl", hash = "sha256:1c34dc340b4dc46ed86f811b1015bb2ece444d310b4bb638e509a02df88594c1"},
    {file = "osqp-0.6.4-cp310-cp310-manylinux_2_17_aarch64.manylinux2014_aarch64.whl", hash = "sha256:e7fb1ae278d14b7080acfe4d252c4f6df563dd8622847e73f8e5d1f2e027db41"},
    {file = "osqp-0.6.4-cp310-cp310-manylinux_2_5_x86_64.manylinux1_x86_64.manylinux_2_17_x86_64.manylinux2014_x86_64.whl", hash = "sha256:2488dc19d48fbb46118312cf1a1292942ab41cd5588cf6c75ff1b521afb99ce3"},
    {file = "osqp-0.6.4-cp310-cp310-win_amd64.whl", hash = "sha256:adaf59b134745aec21409e698dcd72d8997be2652e35ed1f5302aaba69654831"},
    {file = "osqp-0.6.4-cp311-cp311-macosx_10_9_x86_64.whl", hash = "sha256:20aa182b23ca5d433d1b8144d46296304a493d1cc1712cf45c591e5dd7a19436"},
    {file = "osqp-0.6.4-cp311-cp311-manylinux_2_17_aarch64.manylinux2014_aarch64.whl", hash = "sha256:21c79624c831e6070b3b1ca1df34032c222cc87e467def5e038713d20c9ffb5c"},
    {file = "osqp-0.6.4-cp311-cp311-manylinux_2_5_x86_64.manylinux1_x86_64.manylinux_2_17_x86_64.manylinux2014_x86_64.whl", hash = "sha256:2eeb4a3982929f5ea89fc2cc0cef238c489020b02671012f0b60a7a7c1df5093"},
    {file = "osqp-0.6.4-cp311-cp311-win_amd64.whl", hash = "sha256:b62631f7388cdc49619e256110595fe741afab4d779fcc2b2ab55922cc93367f"},
    {file = "osqp-0.6.4-cp312-cp312-macosx_10_9_x86_64.whl", hash = "sha256:a7d8dc0a5459558d3f2f975110e21e2292558c943047f09fb51ebc62d07a164c"},
    {file = "osqp-0.6.4-cp312-cp312-manylinux_2_17_aarch64.manylinux2014_aarch64.whl", hash = "sha256:89f1b270ed46a92384daa022ed336d58b5f06bdc49abe9684d41aaec02717895"},
    {file = "osqp-0.6.4-cp312-cp312-manylinux_2_5_x86_64.manylinux1_x86_64.manylinux_2_17_x86_64.manylinux2014_x86_64.whl", hash = "sha256:78f7d8b91b0248beb95abda710bbf28ee98d5675dc9f77df7b5412da222e4f5c"},
    {file = "osqp-0.6.4-cp312-cp312-win_amd64.whl", hash = "sha256:ff72fc0cec63965979e86bc99bec1658b85c3e6d8e9f95c37cc5c531fa48aabe"},
    {file = "osqp-0.6.4-cp36-cp36m-macosx_10_9_x86_64.whl", hash = "sha256:b7dbc83605a68703f8e509f590ab71f0f6d6992443ae534a8d99d8878bfabd73"},
    {file = "osqp-0.6.4-cp36-cp36m-manylinux_2_17_aarch64.manylinux2014_aarch64.whl", hash = "sha256:f1603ff6d699adcbf7628dadfa54b566023412b60f04f6dda36fc81cf59a678c"},
    {file = "osqp-0.6.4-cp36-cp36m-manylinux_2_5_x86_64.manylinux1_x86_64.manylinux_2_17_x86_64.manylinux2014_x86_64.whl", hash = "sha256:866b16ea55a7ec831ed4fce3c5c812a6fcb84d8b0016a858f1ecc9bf63dcbb00"},
    {file = "osqp-0.6.4-cp36-cp36m-win_amd64.whl", hash = "sha256:5764886a48fc670370283cb7b004cbd5b570967bde3ecf2905e7662d6223c5bc"},
    {file = "osqp-0.6.4-cp37-cp37m-macosx_10_9_x86_64.whl", hash = "sha256:f606cce8f8b5bd9a6a80e3c25e2ffc0180a9da9b550731c0440b1de10565b89e"},
    {file = "osqp-0.6.4-cp37-cp37m-manylinux_2_17_aarch64.manylinux2014_aarch64.whl", hash = "sha256:0faf25c10b84cd4005b24b290e0b6d885c3e30d01fc065f930a46c8da5401f49"},
    {file = "osqp-0.6.4-cp37-cp37m-manylinux_2_5_x86_64.manylinux1_x86_64.manylinux_2_17_x86_64.manylinux2014_x86_64.whl", hash = "sha256:ac61b42c1944522bc2db6d38a55cc4b569c98c4e1e512a73d202af578d678f0f"},
    {file = "osqp-0.6.4-cp37-cp37m-win_amd64.whl", hash = "sha256:4f2f7fd96582a69c030d883b9f701028a6df690637d4a122e9043d3062e5e776"},
    {file = "osqp-0.6.4-cp38-cp38-macosx_10_9_x86_64.whl", hash = "sha256:4c80a308d12c4f065ae069060d6ff1b64624d03f832221f073ddaef0ce387cfa"},
    {file = "osqp-0.6.4-cp38-cp38-manylinux_2_17_aarch64.manylinux2014_aarch64.whl", hash = "sha256:baa763c67c3ba5ce1191e4ce4dfc54c6b5fc96e794ea5bae6b03793897af93cf"},
    {file = "osqp-0.6.4-cp38-cp38-manylinux_2_5_x86_64.manylinux1_x86_64.manylinux_2_17_x86_64.manylinux2014_x86_64.whl", hash = "sha256:b57785b2ed7928b2535978fc862b5d6826a1db69d8d21151630f654d42d7c829"},
    {file = "osqp-0.6.4-cp38-cp38-win_amd64.whl", hash = "sha256:681e8881f71a997a1506ddb8631daa3207d03f59ac929987103f4289287c8065"},
    {file = "osqp-0.6.4-cp39-cp39-macosx_10_9_x86_64.whl", hash = "sha256:bdbf25b567b53192a82a6495979d7714198a1500ca5339c55d851c8d5c7cb8e7"},
    {file = "osqp-0.6.4-cp39-cp39-manylinux_2_17_aarch64.manylinux2014_aarch64.whl", hash = "sha256:72efd10d855c3ed5773ff7f72c76dcddff6bb2454149b27e262d611ba6fb2f28"},
    {file = "osqp-0.6.4-cp39-cp39-manylinux_2_5_x86_64.manylinux1_x86_64.manylinux_2_17_x86_64.manylinux2014_x86_64.whl", hash = "sha256:f11bc1c5877610afae71ebff5b69325a5a4fc68b155613e454c793a66c5a11bd"},
    {file = "osqp-0.6.4-cp39-cp39-win_amd64.whl", hash = "sha256:702a33c736603e8457acb7512d706bf1d6903f6a75ad140f6c8d14a234cd3f35"},
    {file = "osqp-0.6.4.tar.gz", hash = "sha256:cfa33e0be422ee5d3e792e7c081bcbf6fa222fc2175b6fdde4c4a219354c5e42"},
]

[package.dependencies]
numpy = ">=1.7"
qdldl = "*"
scipy = ">=0.13.2"

[[package]]
name = "pybind11"
version = "2.11.1"
description = "Seamless operability between C++11 and Python"
optional = false
python-versions = ">=3.6"
files = [
    {file = "pybind11-2.11.1-py3-none-any.whl", hash = "sha256:33cdd02a6453380dd71cc70357ce388ad1ee8d32bd0e38fc22b273d050aa29b3"},
    {file = "pybind11-2.11.1.tar.gz", hash = "sha256:00cd59116a6e8155aecd9174f37ba299d1d397ed4a6b86ac1dfe01b3e40f2cc4"},
]

[package.extras]
global = ["pybind11-global (==2.11.1)"]

[[package]]
name = "qdldl"
version = "0.1.7.post0"
description = "QDLDL, a free LDL factorization routine."
optional = false
python-versions = "*"
files = [
    {file = "qdldl-0.1.7.post0-cp310-cp310-macosx_10_9_x86_64.whl", hash = "sha256:8ab02e8b9ff86bd644a1935718387c82fbe04c31e3309cf9f7a121d02b1deda8"},
    {file = "qdldl-0.1.7.post0-cp310-cp310-manylinux_2_17_x86_64.manylinux2014_x86_64.whl", hash = "sha256:40e5d6753310377451ed4dc09b1ef28faf40108b713e7f55c8a8ae94d679a672"},
    {file = "qdldl-0.1.7.post0-cp310-cp310-win_amd64.whl", hash = "sha256:718d8e141832e96ba71ca1807a74813836c6403110faaa3d33a67de1af3b29c4"},
    {file = "qdldl-0.1.7.post0-cp311-cp311-macosx_10_9_x86_64.whl", hash = "sha256:0e3f06e8a49ddd834b24fc3d7afbba4fec0923101045aa2666e18d2a9980e329"},
    {file = "qdldl-0.1.7.post0-cp311-cp311-manylinux_2_17_x86_64.manylinux2014_x86_64.whl", hash = "sha256:3a81c46522dd6b3042e2348fa98128bb5c0e466f42bce214e80cfb766ff40930"},
    {file = "qdldl-0.1.7.post0-cp311-cp311-win_amd64.whl", hash = "sha256:4a86155f3de66c5db0e21544b7a2421c671028fa20da407686d2a8d0e9b57e51"},
    {file = "qdldl-0.1.7.post0-cp36-cp36m-macosx_10_9_x86_64.whl", hash = "sha256:717cb1892b033c01a0aae84ededcfa1f05bcb97013095d779c497e6c32f90dac"},
    {file = "qdldl-0.1.7.post0-cp36-cp36m-manylinux_2_17_x86_64.manylinux2014_x86_64.whl", hash = "sha256:8fc35432913085d94b2327242cf51388467ef7a37ac0d71eb31b594b575dd498"},
    {file = "qdldl-0.1.7.post0-cp36-cp36m-win_amd64.whl", hash = "sha256:fd5cfd8c50f33ddacb830594a63b8c1093a24aea45312b9d2ed826cea5ece08a"},
    {file = "qdldl-0.1.7.post0-cp37-cp37m-macosx_10_9_x86_64.whl", hash = "sha256:981ca8672e9506976c663552c1eb6f6daf9726d62650b3bf5900260946156166"},
    {file = "qdldl-0.1.7.post0-cp37-cp37m-manylinux_2_17_x86_64.manylinux2014_x86_64.whl", hash = "sha256:b8ec670d97cf756f9159dc0a11de5cf054e88aefe84bea1c7282f00334642843"},
    {file = "qdldl-0.1.7.post0-cp37-cp37m-win_amd64.whl", hash = "sha256:aa208703b44337a7e77f6f2663f7a452144becb4421970d534ff8297b92e1e10"},
    {file = "qdldl-0.1.7.post0-cp38-cp38-macosx_10_9_x86_64.whl", hash = "sha256:b42649484f7c0d8ee659224ecaac0a3e97f12531018207f4d7323e4071320eb1"},
    {file = "qdldl-0.1.7.post0-cp38-cp38-manylinux_2_17_x86_64.manylinux2014_x86_64.whl", hash = "sha256:26aa3d6f0da7779265d72e8f418094003e75fa53c515a53bc03fd8b9bcfbf7de"},
    {file = "qdldl-0.1.7.post0-cp38-cp38-win_amd64.whl", hash = "sha256:e55bcd6962178029faf543addd49db145302dd51e19855fefa71b5fd55840eea"},
    {file = "qdldl-0.1.7.post0-cp39-cp39-macosx_10_9_x86_64.whl", hash = "sha256:c1dd0e570e65aaf35e10b7fb345f7ac763fd05a2227b9c06ce65e07993fc4984"},
    {file = "qdldl-0.1.7.post0-cp39-cp39-manylinux_2_17_x86_64.manylinux2014_x86_64.whl", hash = "sha256:ae161342529852b6248ace4642bc4ee371a7c1e0707b7bc43a43ef7e73c06ca3"},
    {file = "qdldl-0.1.7.post0-cp39-cp39-win_amd64.whl", hash = "sha256:092f6606690a2b9bd3c939f3147887e02de13bb068fbed5ffdc7459034def623"},
    {file = "qdldl-0.1.7.post0.tar.gz", hash = "sha256:f346a114c8342ee6d4dbd6471eef314199fb268d3bf7b95885ca351fde2b023f"},
]

[package.dependencies]
numpy = ">=1.7"
scipy = ">=0.13.2"

[[package]]
name = "scipy"
version = "1.12.0"
description = "Fundamental algorithms for scientific computing in Python"
optional = false
python-versions = ">=3.9"
files = [
    {file = "scipy-1.12.0-cp310-cp310-macosx_10_9_x86_64.whl", hash = "sha256:78e4402e140879387187f7f25d91cc592b3501a2e51dfb320f48dfb73565f10b"},
    {file = "scipy-1.12.0-cp310-cp310-macosx_12_0_arm64.whl", hash = "sha256:f5f00ebaf8de24d14b8449981a2842d404152774c1a1d880c901bf454cb8e2a1"},
    {file = "scipy-1.12.0-cp310-cp310-manylinux_2_17_aarch64.manylinux2014_aarch64.whl", hash = "sha256:e53958531a7c695ff66c2e7bb7b79560ffdc562e2051644c5576c39ff8efb563"},
    {file = "scipy-1.12.0-cp310-cp310-manylinux_2_17_x86_64.manylinux2014_x86_64.whl", hash = "sha256:5e32847e08da8d895ce09d108a494d9eb78974cf6de23063f93306a3e419960c"},
    {file = "scipy-1.12.0-cp310-cp310-musllinux_1_1_x86_64.whl", hash = "sha256:4c1020cad92772bf44b8e4cdabc1df5d87376cb219742549ef69fc9fd86282dd"},
    {file = "scipy-1.12.0-cp310-cp310-win_amd64.whl", hash = "sha256:75ea2a144096b5e39402e2ff53a36fecfd3b960d786b7efd3c180e29c39e53f2"},
    {file = "scipy-1.12.0-cp311-cp311-macosx_10_9_x86_64.whl", hash = "sha256:408c68423f9de16cb9e602528be4ce0d6312b05001f3de61fe9ec8b1263cad08"},
    {file = "scipy-1.12.0-cp311-cp311-macosx_12_0_arm64.whl", hash = "sha256:5adfad5dbf0163397beb4aca679187d24aec085343755fcdbdeb32b3679f254c"},
    {file = "scipy-1.12.0-cp311-cp311-manylinux_2_17_aarch64.manylinux2014_aarch64.whl", hash = "sha256:c3003652496f6e7c387b1cf63f4bb720951cfa18907e998ea551e6de51a04467"},
    {file = "scipy-1.12.0-cp311-cp311-manylinux_2_17_x86_64.manylinux2014_x86_64.whl", hash = "sha256:8b8066bce124ee5531d12a74b617d9ac0ea59245246410e19bca549656d9a40a"},
    {file = "scipy-1.12.0-cp311-cp311-musllinux_1_1_x86_64.whl", hash = "sha256:8bee4993817e204d761dba10dbab0774ba5a8612e57e81319ea04d84945375ba"},
    {file = "scipy-1.12.0-cp311-cp311-win_amd64.whl", hash = "sha256:a24024d45ce9a675c1fb8494e8e5244efea1c7a09c60beb1eeb80373d0fecc70"},
    {file = "scipy-1.12.0-cp312-cp312-macosx_10_9_x86_64.whl", hash = "sha256:e7e76cc48638228212c747ada851ef355c2bb5e7f939e10952bc504c11f4e372"},
    {file = "scipy-1.12.0-cp312-cp312-macosx_12_0_arm64.whl", hash = "sha256:f7ce148dffcd64ade37b2df9315541f9adad6efcaa86866ee7dd5db0c8f041c3"},
    {file = "scipy-1.12.0-cp312-cp312-manylinux_2_17_aarch64.manylinux2014_aarch64.whl", hash = "sha256:9c39f92041f490422924dfdb782527a4abddf4707616e07b021de33467f917bc"},
    {file = "scipy-1.12.0-cp312-cp312-manylinux_2_17_x86_64.manylinux2014_x86_64.whl", hash = "sha256:a7ebda398f86e56178c2fa94cad15bf457a218a54a35c2a7b4490b9f9cb2676c"},
    {file = "scipy-1.12.0-cp312-cp312-musllinux_1_1_x86_64.whl", hash = "sha256:95e5c750d55cf518c398a8240571b0e0782c2d5a703250872f36eaf737751338"},
    {file = "scipy-1.12.0-cp312-cp312-win_amd64.whl", hash = "sha256:e646d8571804a304e1da01040d21577685ce8e2db08ac58e543eaca063453e1c"},
    {file = "scipy-1.12.0-cp39-cp39-macosx_10_9_x86_64.whl", hash = "sha256:913d6e7956c3a671de3b05ccb66b11bc293f56bfdef040583a7221d9e22a2e35"},
    {file = "scipy-1.12.0-cp39-cp39-macosx_12_0_arm64.whl", hash = "sha256:bba1b0c7256ad75401c73e4b3cf09d1f176e9bd4248f0d3112170fb2ec4db067"},
    {file = "scipy-1.12.0-cp39-cp39-manylinux_2_17_aarch64.manylinux2014_aarch64.whl", hash = "sha256:730badef9b827b368f351eacae2e82da414e13cf8bd5051b4bdfd720271a5371"},
    {file = "scipy-1.12.0-cp39-cp39-manylinux_2_17_x86_64.manylinux2014_x86_64.whl", hash = "sha256:6546dc2c11a9df6926afcbdd8a3edec28566e4e785b915e849348c6dd9f3f490"},
    {file = "scipy-1.12.0-cp39-cp39-musllinux_1_1_x86_64.whl", hash = "sha256:196ebad3a4882081f62a5bf4aeb7326aa34b110e533aab23e4374fcccb0890dc"},
    {file = "scipy-1.12.0-cp39-cp39-win_amd64.whl", hash = "sha256:b360f1b6b2f742781299514e99ff560d1fe9bd1bff2712894b52abe528d1fd1e"},
    {file = "scipy-1.12.0.tar.gz", hash = "sha256:4bf5abab8a36d20193c698b0f1fc282c1d083c94723902c447e5d2f1780936a3"},
]

[package.dependencies]
numpy = ">=1.22.4,<1.29.0"

[package.extras]
dev = ["click", "cython-lint (>=0.12.2)", "doit (>=0.36.0)", "mypy", "pycodestyle", "pydevtool", "rich-click", "ruff", "types-psutil", "typing_extensions"]
doc = ["jupytext", "matplotlib (>2)", "myst-nb", "numpydoc", "pooch", "pydata-sphinx-theme (==0.9.0)", "sphinx (!=4.1.0)", "sphinx-design (>=0.2.0)"]
test = ["asv", "gmpy2", "hypothesis", "mpmath", "pooch", "pytest", "pytest-cov", "pytest-timeout", "pytest-xdist", "scikit-umfpack", "threadpoolctl"]

[[package]]
name = "scs"
version = "3.2.4.post1"
description = "Splitting conic solver"
optional = false
python-versions = ">=3.7"
files = [
    {file = "scs-3.2.4.post1-cp310-cp310-macosx_10_9_x86_64.whl", hash = "sha256:51fed30d2a4a1e6fbfc1e52b4cb3adeecbe89d7c47f3539b49afbb852415fe19"},
    {file = "scs-3.2.4.post1-cp310-cp310-manylinux_2_17_x86_64.manylinux2014_x86_64.whl", hash = "sha256:eb0524c0b9c3ed0d65dae161475accf3efa8e170938eb93251a60e9709b156ee"},
    {file = "scs-3.2.4.post1-cp310-cp310-win_amd64.whl", hash = "sha256:534519819eea96f18902a9fce15c4ec562b99d23b38dc843a48cb137b5641613"},
    {file = "scs-3.2.4.post1-cp311-cp311-macosx_10_9_x86_64.whl", hash = "sha256:8d04ee4d19ac6d0f5053663bc48fcd5c5faed534272f13b10a4e173c814eea69"},
    {file = "scs-3.2.4.post1-cp311-cp311-manylinux_2_17_x86_64.manylinux2014_x86_64.whl", hash = "sha256:37c23b4299ab77ff5f654573d5667dc982292a8ef2b979053b38c40663919f13"},
    {file = "scs-3.2.4.post1-cp311-cp311-win_amd64.whl", hash = "sha256:ae4624938d3e3a8b7e508029275c6ad7a978fd48c158d0818f69f4ae764bf945"},
    {file = "scs-3.2.4.post1-cp312-cp312-macosx_10_9_x86_64.whl", hash = "sha256:40294e22bfe509bdf7fd65a6b77c38cec22dcb3567ff5a75f3c41a1faf2ef1d5"},
    {file = "scs-3.2.4.post1-cp312-cp312-manylinux_2_17_x86_64.manylinux2014_x86_64.whl", hash = "sha256:2a2337acb0604770b6df1473254065a51c210ff9c82fc7c4490595510287a337"},
    {file = "scs-3.2.4.post1-cp312-cp312-win_amd64.whl", hash = "sha256:8689e75a57e59846e65d1c4b9d57e9964b00fcbb8e67fc77f98cf6e0a0530abd"},
    {file = "scs-3.2.4.post1-cp37-cp37m-macosx_10_9_x86_64.whl", hash = "sha256:ad991b00d0a87c85db57bf2f1863c21bdc4e2f13837f6c35e809f5936bc6f165"},
    {file = "scs-3.2.4.post1-cp37-cp37m-manylinux_2_17_x86_64.manylinux2014_x86_64.whl", hash = "sha256:a28af160a44268e726a59d6cf340629b82940c1a643c4c87fe777e9cbe550d75"},
    {file = "scs-3.2.4.post1-cp37-cp37m-win_amd64.whl", hash = "sha256:f6283f725f3fee63d4631c2532d01a5b2ea65883b04d3da3be06084b1c60171b"},
    {file = "scs-3.2.4.post1-cp38-cp38-macosx_10_9_x86_64.whl", hash = "sha256:8b3a622cf2120ae765f0f3ad5c6f4f86796d317e29132bab2ad4af3c14d9bf4d"},
    {file = "scs-3.2.4.post1-cp38-cp38-macosx_12_0_x86_64.whl", hash = "sha256:4b5259137c263304effa2b28d0125437ac23569e6e7753c115ae1206ec5033fd"},
    {file = "scs-3.2.4.post1-cp38-cp38-manylinux_2_17_x86_64.manylinux2014_x86_64.whl", hash = "sha256:424710bc19b0506feee7e05e6d2b7af98acf09af5bd5353126164cbd46ac923f"},
    {file = "scs-3.2.4.post1-cp38-cp38-win_amd64.whl", hash = "sha256:e21bdc8046648846e2c204a6c5cf24eaaedd2b8f5e0a2ab41a647b0247b8d592"},
    {file = "scs-3.2.4.post1-cp39-cp39-macosx_10_9_x86_64.whl", hash = "sha256:cea0f7e9473f43f7edf1641d020ead7e39653a81c540fbdba8f3b7b8480038c9"},
    {file = "scs-3.2.4.post1-cp39-cp39-manylinux_2_17_x86_64.manylinux2014_x86_64.whl", hash = "sha256:f6126f1d7ed5ff368cb8c1836715b17a50074314579eefc6d511995a3ab93d70"},
    {file = "scs-3.2.4.post1-cp39-cp39-win_amd64.whl", hash = "sha256:18788befa5284bb1f49149bac7f813703de60ef5b6bf7698a9f1c3a5a49b78e4"},
    {file = "scs-3.2.4.post1.tar.gz", hash = "sha256:7015d7a56d1d5b53264fd277289ea169949309e26101677ff88cd0e5030d032f"},
]

[package.dependencies]
numpy = "*"
scipy = "*"

[metadata]
lock-version = "2.0"
python-versions = "^3.11"
content-hash = "6c83ac774162f7aa55d5115853e65f493a126071aeb169124c77f98a26d3a7ff"
